
Microsoft Visual Studio Solution File, Format Version 12.00
# Visual Studio 15
VisualStudioVersion = 15.0.28307.329
MinimumVisualStudioVersion = 10.0.40219.1
Project("{FAE04EC0-301F-11D3-BF4B-00C04F79EFBC}") = "test", "test\test.csproj", "{6251CDF7-9659-47CE-BED6-BC017181BCA0}"
EndProject
Global
	GlobalSection(SolutionConfigurationPlatforms) = preSolution
		Debug|Any CPU = Debug|Any CPU
		Release|Any CPU = Release|Any CPU
	EndGlobalSection
	GlobalSection(ProjectConfigurationPlatforms) = postSolution
		{6251CDF7-9659-47CE-BED6-BC017181BCA0}.Debug|Any CPU.ActiveCfg = Debug|Any CPU
		{6251CDF7-9659-47CE-BED6-BC017181BCA0}.Debug|Any CPU.Build.0 = Debug|Any CPU
		{6251CDF7-9659-47CE-BED6-BC017181BCA0}.Release|Any CPU.ActiveCfg = Release|Any CPU
		{6251CDF7-9659-47CE-BED6-BC017181BCA0}.Release|Any CPU.Build.0 = Release|Any CPU
	EndGlobalSection
	GlobalSection(SolutionProperties) = preSolution
		HideSolutionNode = FALSE
	EndGlobalSection
	GlobalSection(ExtensibilityGlobals) = postSolution
		SolutionGuid = {D579A3E2-3030-4FF7-AFAB-7F0FD73863EF}
	EndGlobalSection
EndGlobal
